
Microsoft Visual Studio Solution File, Format Version 12.00
# Visual Studio Version 17
VisualStudioVersion = 17.0.32014.148
MinimumVisualStudioVersion = 10.0.40219.1
Project("{FAE04EC0-301F-11D3-BF4B-00C04F79EFBC}") = "NumberGuesser", "NumberGuesser\NumberGuesser.csproj", "{CFB0F796-2AAC-4433-9368-A3B80E71C292}"
EndProject
Global
	GlobalSection(SolutionConfigurationPlatforms) = preSolution
		Debug|Any CPU = Debug|Any CPU
		Release|Any CPU = Release|Any CPU
	EndGlobalSection
	GlobalSection(ProjectConfigurationPlatforms) = postSolution
		{CFB0F796-2AAC-4433-9368-A3B80E71C292}.Debug|Any CPU.ActiveCfg = Debug|Any CPU
		{CFB0F796-2AAC-4433-9368-A3B80E71C292}.Debug|Any CPU.Build.0 = Debug|Any CPU
		{CFB0F796-2AAC-4433-9368-A3B80E71C292}.Release|Any CPU.ActiveCfg = Release|Any CPU
		{CFB0F796-2AAC-4433-9368-A3B80E71C292}.Release|Any CPU.Build.0 = Release|Any CPU
	EndGlobalSection
	GlobalSection(SolutionProperties) = preSolution
		HideSolutionNode = FALSE
	EndGlobalSection
	GlobalSection(ExtensibilityGlobals) = postSolution
		SolutionGuid = {24C958DD-049B-4F59-AE09-60C7623F91B2}
	EndGlobalSection
EndGlobal
